dependencies:
- name: qdrant
  repository: https://qdrant.github.io/qdrant-helm
  version: 1.15.1
- name: mongodb
  repository: https://groundhog2k.github.io/helm-charts/
  version: 0.7.4
digest: sha256:bf35cef11fe862845cb4e2b96c85b55d5f43101b889e44dad7cff847368bb7da
generated: "2025-10-04T00:49:06.11784282Z"
