dependencies:
- name: qdrant
  repository: https://qdrant.github.io/qdrant-helm
  version: 1.15.5
- name: mongodb
  repository: https://groundhog2k.github.io/helm-charts/
  version: 0.7.6
digest: sha256:1edfa6691bc5c8ca27bc1356de004d2a7457a9eddb4bdc488ab165a70e9dd86a
generated: "2025-11-18T07:28:29.210401209Z"
