dependencies:
- name: qdrant
  repository: https://qdrant.github.io/qdrant-helm
  version: 1.16.0
- name: mongodb
  repository: https://groundhog2k.github.io/helm-charts/
  version: 0.7.5
digest: sha256:bdb63bcf701de1baa786a56bc0ed28a0891f8bb7e7bf954858785056c67399b6
generated: "2025-11-18T07:28:25.910592444Z"
